
Microsoft Visual Studio Solution File, Format Version 12.00
# Visual Studio Version 16
VisualStudioVersion = 16.0.29519.181
MinimumVisualStudioVersion = 10.0.40219.1
Project("{FAE04EC0-301F-11D3-BF4B-00C04F79EFBC}") = "[OLC1]Proyecto1_201807120", "[OLC1]Proyecto1_201807120\[OLC1]Proyecto1_201807120.csproj", "{D84DAA14-3C5D-4C76-A7C3-6D2AB333FF2B}"
EndProject
Global
	GlobalSection(SolutionConfigurationPlatforms) = preSolution
		Debug|Any CPU = Debug|Any CPU
		Release|Any CPU = Release|Any CPU
	EndGlobalSection
	GlobalSection(ProjectConfigurationPlatforms) = postSolution
		{D84DAA14-3C5D-4C76-A7C3-6D2AB333FF2B}.Debug|Any CPU.ActiveCfg = Debug|Any CPU
		{D84DAA14-3C5D-4C76-A7C3-6D2AB333FF2B}.Debug|Any CPU.Build.0 = Debug|Any CPU
		{D84DAA14-3C5D-4C76-A7C3-6D2AB333FF2B}.Release|Any CPU.ActiveCfg = Release|Any CPU
		{D84DAA14-3C5D-4C76-A7C3-6D2AB333FF2B}.Release|Any CPU.Build.0 = Release|Any CPU
	EndGlobalSection
	GlobalSection(SolutionProperties) = preSolution
		HideSolutionNode = FALSE
	EndGlobalSection
	GlobalSection(ExtensibilityGlobals) = postSolution
		SolutionGuid = {79554892-968D-4EA0-8537-26AAD3CB2105}
	EndGlobalSection
EndGlobal
